<?xml version="1.0" encoding="utf-8"?>
<Project ToolsVersion="4.0" xmlns="http://schemas.microsoft.com/developer/msbuild/2003">
  <ItemGroup>
    <Filter Include="Source Files">
      <UniqueIdentifier>{4FC737F1-C7A5-4376-A066-2A32D752A2FF}</UniqueIdentifier>
      <Extensions>cpp;c;cc;cxx;def;odl;idl;hpj;bat;asm;asmx</Extensions>
    </Filter>
    <Filter Include="Header Files">
      <UniqueIdentifier>{93995380-89BD-4b04-88EB-625FBE52EBFB}</UniqueIdentifier>
      <Extensions>h;hh;hpp;hxx;hm;inl;inc;xsd</Extensions>
    </Filter>
    <Filter Include="Resource Files">
      <UniqueIdentifier>{67DA6AB6-F800-4c08-8B7A-83BB121AAD01}</UniqueIdentifier>
      <Extensions>rc;ico;cur;bmp;dlg;rc2;rct;bin;rgs;gif;jpg;jpeg;jpe;resx;tiff;tif;png;wav;mfcribbon-ms</Extensions>
    </Filter>
  </ItemGroup>
  <ItemGroup>
    <ClCompile Include="Source.cpp">
      <Filter>Source Files</Filter>
    </ClCompile>
    <ClCompile Include="BoxCore.cpp">
      <Filter>Source Files</Filter>
    </ClCompile>
    <ClCompile Include="WorldManager.cpp">
      <Filter>Source Files</Filter>
    </ClCompile>
    <ClCompile Include="PhysicsBody.cpp">
      <Filter>Source Files</Filter>
    </ClCompile>
    <ClCompile Include="PhysicsSquare.cpp">
      <Filter>Source Files</Filter>
    </ClCompile>
    <ClCompile Include="PhysicsImg.cpp">
      <Filter>Source Files</Filter>
    </ClCompile>
    <ClCompile Include="PhysicsCircle.cpp">
      <Filter>Source Files</Filter>
    </ClCompile>
    <ClCompile Include="PhysicsJoint.cpp">
      <Filter>Source Files</Filter>
    </ClCompile>
    <ClCompile Include="PhysicsBodyLight.cpp">
      <Filter>Source Files</Filter>
    </ClCompile>
    <ClCompile Include="PhysicsImgLight.cpp">
      <Filter>Source Files</Filter>
    </ClCompile>
    <ClCompile Include="PhysicsSquareLight.cpp">
      <Filter>Source Files</Filter>
    </ClCompile>
    <ClCompile Include="Block.cpp">
      <Filter>Source Files</Filter>
    </ClCompile>
    <ClCompile Include="TerrainManager.cpp">
      <Filter>Source Files</Filter>
    </ClCompile>
    <ClCompile Include="BlockColumn.cpp">
      <Filter>Source Files</Filter>
    </ClCompile>
    <ClCompile Include="PerlinManager.cpp">
      <Filter>Source Files</Filter>
    </ClCompile>
    <ClCompile Include="DebugBox.cpp">
      <Filter>Source Files</Filter>
    </ClCompile>
    <ClCompile Include="TerrainLBC.cpp">
      <Filter>Source Files</Filter>
    </ClCompile>
    <ClCompile Include="CaveManager.cpp">
      <Filter>Source Files</Filter>
    </ClCompile>
    <ClCompile Include="InternetManager.cpp">
      <Filter>Source Files</Filter>
    </ClCompile>
    <ClCompile Include="MainMenu.cpp">
      <Filter>Source Files</Filter>
    </ClCompile>
    <ClCompile Include="Packets\Trop.pb.cc">
      <Filter>Source Files</Filter>
    </ClCompile>
    <ClCompile Include="Pinger.cpp">
      <Filter>Source Files</Filter>
    </ClCompile>
    <ClCompile Include="PeerManager.cpp">
      <Filter>Source Files</Filter>
    </ClCompile>
    <ClCompile Include="Peer.cpp">
      <Filter>Source Files</Filter>
    </ClCompile>
    <ClCompile Include="Profile.cpp">
      <Filter>Source Files</Filter>
    </ClCompile>
    <ClCompile Include="OnlineTerrainManager.cpp">
      <Filter>Source Files</Filter>
    </ClCompile>
    <ClCompile Include="OnlineBlockColumn.cpp">
      <Filter>Source Files</Filter>
    </ClCompile>
  </ItemGroup>
  <ItemGroup>
    <ClInclude Include="BoxCore.h">
      <Filter>Header Files</Filter>
    </ClInclude>
    <ClInclude Include="WorldManager.h">
      <Filter>Header Files</Filter>
    </ClInclude>
    <ClInclude Include="PhysicsBody.h">
      <Filter>Header Files</Filter>
    </ClInclude>
    <ClInclude Include="PhysicsSquare.h">
      <Filter>Header Files</Filter>
    </ClInclude>
    <ClInclude Include="PhysicsImg.h">
      <Filter>Header Files</Filter>
    </ClInclude>
    <ClInclude Include="PhysicsCircle.h">
      <Filter>Header Files</Filter>
    </ClInclude>
    <ClInclude Include="PhysicsJoint.h">
      <Filter>Header Files</Filter>
    </ClInclude>
    <ClInclude Include="PhysicsBodyLight.h">
      <Filter>Header Files</Filter>
    </ClInclude>
    <ClInclude Include="PhysicsImgLight.h">
      <Filter>Header Files</Filter>
    </ClInclude>
    <ClInclude Include="PhysicsSquareLight.h">
      <Filter>Header Files</Filter>
    </ClInclude>
    <ClInclude Include="Block.h">
      <Filter>Header Files</Filter>
    </ClInclude>
    <ClInclude Include="TerrainManager.h">
      <Filter>Header Files</Filter>
    </ClInclude>
    <ClInclude Include="BlockColumn.h">
      <Filter>Header Files</Filter>
    </ClInclude>
    <ClInclude Include="PerlinManager.h">
      <Filter>Header Files</Filter>
    </ClInclude>
    <ClInclude Include="DebugBox.h">
      <Filter>Header Files</Filter>
    </ClInclude>
    <ClInclude Include="TerrainLBC.h">
      <Filter>Header Files</Filter>
    </ClInclude>
    <ClInclude Include="CaveManager.h">
      <Filter>Header Files</Filter>
    </ClInclude>
    <ClInclude Include="InternetManager.h">
      <Filter>Header Files</Filter>
    </ClInclude>
    <ClInclude Include="MainMenu.h">
      <Filter>Header Files</Filter>
    </ClInclude>
    <ClInclude Include="Packets\Trop.pb.h">
      <Filter>Header Files</Filter>
    </ClInclude>
    <ClInclude Include="Pinger.h">
      <Filter>Header Files</Filter>
    </ClInclude>
    <ClInclude Include="PeerManager.h">
      <Filter>Header Files</Filter>
    </ClInclude>
    <ClInclude Include="Peer.h">
      <Filter>Header Files</Filter>
    </ClInclude>
    <ClInclude Include="Profile.h">
      <Filter>Header Files</Filter>
    </ClInclude>
    <ClInclude Include="OnlineTerrainManager.h">
      <Filter>Header Files</Filter>
    </ClInclude>
    <ClInclude Include="OnlineBlockColumn.h">
      <Filter>Header Files</Filter>
    </ClInclude>
  </ItemGroup>
  <ItemGroup>
    <None Include="packages.config" />
  </ItemGroup>
</Project>